{
  "name": "prepros-project",
  "version": "1.0.0",
  "lockfileVersion": 1,
  "requires": true,
  "dependencies": {
    "@fancyapps/fancybox": {
      "version": "3.5.7",
      "resolved": "https://registry.npmjs.org/@fancyapps/fancybox/-/fancybox-3.5.7.tgz",
      "integrity": "sha512-rcEtu8t+WnmqIDV/Wfm1yvy/nDdwc7YV25j9HLxGC2/WOsUhk9rcWg2nB8g1BrjRt9zaoADdjHTU6ILYTJzBBg=="
    },
    "dom7": {
      "version": "4.0.4",
      "resolved": "https://registry.npmjs.org/dom7/-/dom7-4.0.4.tgz",
      "integrity": "sha512-DSSgBzQ4rJWQp1u6o+3FVwMNnT5bzQbMb+o31TjYYeRi05uAcpF8koxdfzeoe5ElzPmua7W7N28YJhF7iEKqIw==",
      "requires": {
        "ssr-window": "^4.0.0"
      }
    },
    "gsap": {
      "version": "3.11.0",
      "resolved": "https://registry.npmjs.org/gsap/-/gsap-3.11.0.tgz",
      "integrity": "sha512-TV5aFGqXht+0o/CelnhCikSe3QGeG+q1XA/fyFFsMzesILHgWgFWIz0NuXIgcMaL5h7MG2l+j0BTupS5YyYkrw=="
    },
    "inputmask": {
      "version": "5.0.7",
      "resolved": "https://registry.npmjs.org/inputmask/-/inputmask-5.0.7.tgz",
      "integrity": "sha512-rUxbRDS25KEib+c/Ow+K01oprU/+EK9t9SOPC8ov94/ftULGDqj1zOgRU/Hko6uzoKRMdwCfuhAafJ/Wk2wffQ=="
    },
    "jquery": {
      "version": "3.6.0",
      "resolved": "https://registry.npmjs.org/jquery/-/jquery-3.6.0.tgz",
      "integrity": "sha512-JVzAR/AjBvVt2BmYhxRCSYysDsPcssdmTFnzyLEts9qNwmjmu4JTAMYubEfwVOSwpQ1I1sKKFcxhZCI2buerfw=="
    },
    "jquery-form-styler": {
      "version": "2.0.2",
      "resolved": "https://registry.npmjs.org/jquery-form-styler/-/jquery-form-styler-2.0.2.tgz",
      "integrity": "sha512-gWjOmLq8waIqkt9oCCUspGLvknTesh3m8BjACl250Gb0XRs1ZeRBq3zNqQeDg/eaZjEEbDOS4Wcr4PMHI7IsMg==",
      "requires": {
        "jquery": "^1.7.0"
      },
      "dependencies": {
        "jquery": {
          "version": "1.12.4",
          "resolved": "https://registry.npmjs.org/jquery/-/jquery-1.12.4.tgz",
          "integrity": "sha512-UEVp7PPK9xXYSk8xqXCJrkXnKZtlgWkd2GsAQbMRFK6S/ePU2JN5G2Zum8hIVjzR3CpdfSqdqAzId/xd4TJHeg=="
        }
      }
    },
    "jquery-validation": {
      "version": "1.19.5",
      "resolved": "https://registry.npmjs.org/jquery-validation/-/jquery-validation-1.19.5.tgz",
      "integrity": "sha512-X2SmnPq1mRiDecVYL8edWx+yTBZDyC8ohWXFhXdtqFHgU9Wd4KHkvcbCoIZ0JaSaumzS8s2gXSkP8F7ivg/8ZQ=="
    },
    "normalize.css": {
      "version": "8.0.1",
      "resolved": "https://registry.npmjs.org/normalize.css/-/normalize.css-8.0.1.tgz",
      "integrity": "sha512-qizSNPO93t1YUuUhP22btGOo3chcvDFqFaj2TRybP0DMxkHOCTYwp3n34fel4a31ORXy4m1Xq0Gyqpb5m33qIg=="
    },
    "ozimnad-tabs": {
      "version": "1.2.17",
      "resolved": "https://registry.npmjs.org/ozimnad-tabs/-/ozimnad-tabs-1.2.17.tgz",
      "integrity": "sha512-BUFtaXtTo8vShio1dwfF95ZFrGZ5XtxPMDjQ2AyeWSBtbW4SoJ/JO80DO82Q+9uTQodkhgrumxYvNIT6nlZ8zQ=="
    },
    "ssr-window": {
      "version": "4.0.2",
      "resolved": "https://registry.npmjs.org/ssr-window/-/ssr-window-4.0.2.tgz",
      "integrity": "sha512-ISv/Ch+ig7SOtw7G2+qkwfVASzazUnvlDTwypdLoPoySv+6MqlOV10VwPSE6EWkGjhW50lUmghPmpYZXMu/+AQ=="
    },
    "swiper": {
      "version": "8.3.0",
      "resolved": "https://registry.npmjs.org/swiper/-/swiper-8.3.0.tgz",
      "integrity": "sha512-pdrENUco8MVyJ/cTZMQ5c9AqZDRYGJChd+5lcDsoGpKhgOloSzS7hMvgH+ipvTVCaNOCTlSaf5ZYm1Jz5TqKDQ==",
      "requires": {
        "dom7": "^4.0.4",
        "ssr-window": "^4.0.2"
      }
    }
  }
}
